
Microsoft Visual Studio Solution File, Format Version 12.00
# Visual Studio Version 17
VisualStudioVersion = 17.0.31903.59
MinimumVisualStudioVersion = 10.0.40219.1
Project("{FAE04EC0-301F-11D3-BF4B-00C04F79EFBC}") = "ECommerce.WebApi", "ECommerce.WebApi\ECommerce.WebApi.csproj", "{47E7E22D-4D57-4267-BB7C-AD2FFD9324C4}"
EndProject
Project("{FAE04EC0-301F-11D3-BF4B-00C04F79EFBC}") = "ECommerce.Models", "ECommerce.Models\ECommerce.Models.csproj", "{5B72E675-F70F-41DA-B5C5-653B5602ADF2}"
EndProject
Project("{FAE04EC0-301F-11D3-BF4B-00C04F79EFBC}") = "ECommerce.DataAccess", "ECommerce.DataAccess\ECommerce.DataAccess.csproj", "{C705D2CD-8B77-4A39-B345-E0AE55E76A1C}"
EndProject
Global
	GlobalSection(SolutionConfigurationPlatforms) = preSolution
		Debug|Any CPU = Debug|Any CPU
		Release|Any CPU = Release|Any CPU
	EndGlobalSection
	GlobalSection(SolutionProperties) = preSolution
		HideSolutionNode = FALSE
	EndGlobalSection
	GlobalSection(ProjectConfigurationPlatforms) = postSolution
		{47E7E22D-4D57-4267-BB7C-AD2FFD9324C4}.Debug|Any CPU.ActiveCfg = Debug|Any CPU
		{47E7E22D-4D57-4267-BB7C-AD2FFD9324C4}.Debug|Any CPU.Build.0 = Debug|Any CPU
		{47E7E22D-4D57-4267-BB7C-AD2FFD9324C4}.Release|Any CPU.ActiveCfg = Release|Any CPU
		{47E7E22D-4D57-4267-BB7C-AD2FFD9324C4}.Release|Any CPU.Build.0 = Release|Any CPU
		{5B72E675-F70F-41DA-B5C5-653B5602ADF2}.Debug|Any CPU.ActiveCfg = Debug|Any CPU
		{5B72E675-F70F-41DA-B5C5-653B5602ADF2}.Debug|Any CPU.Build.0 = Debug|Any CPU
		{5B72E675-F70F-41DA-B5C5-653B5602ADF2}.Release|Any CPU.ActiveCfg = Release|Any CPU
		{5B72E675-F70F-41DA-B5C5-653B5602ADF2}.Release|Any CPU.Build.0 = Release|Any CPU
		{C705D2CD-8B77-4A39-B345-E0AE55E76A1C}.Debug|Any CPU.ActiveCfg = Debug|Any CPU
		{C705D2CD-8B77-4A39-B345-E0AE55E76A1C}.Debug|Any CPU.Build.0 = Debug|Any CPU
		{C705D2CD-8B77-4A39-B345-E0AE55E76A1C}.Release|Any CPU.ActiveCfg = Release|Any CPU
		{C705D2CD-8B77-4A39-B345-E0AE55E76A1C}.Release|Any CPU.Build.0 = Release|Any CPU
	EndGlobalSection
EndGlobal
